
Microsoft Visual Studio Solution File, Format Version 12.00
# Visual Studio Version 16
VisualStudioVersion = 16.0.31410.357
MinimumVisualStudioVersion = 10.0.40219.1
Project("{FAE04EC0-301F-11D3-BF4B-00C04F79EFBC}") = "RS232-UI", "RS232-UI\RS232-UI.csproj", "{F1D73720-82DE-4475-B603-F0489DE5899C}"
EndProject
Project("{FAE04EC0-301F-11D3-BF4B-00C04F79EFBC}") = "RS485-UI", "RS485-UI\RS485-UI.csproj", "{F366A325-DCD1-4C77-9CEC-F75D32E388A2}"
EndProject
Project("{FAE04EC0-301F-11D3-BF4B-00C04F79EFBC}") = "RS232-Model", "RS232-Model\RS232-Model.csproj", "{3EA08678-BA60-44D3-8F7B-12A234FA9F24}"
EndProject
Project("{FAE04EC0-301F-11D3-BF4B-00C04F79EFBC}") = "RS485-Model", "RS485-Model\RS485-Model.csproj", "{BA7085F9-1159-47D9-80A9-D1E80FBDFBAA}"
EndProject
Global
	GlobalSection(SolutionConfigurationPlatforms) = preSolution
		Debug|Any CPU = Debug|Any CPU
		Release|Any CPU = Release|Any CPU
	EndGlobalSection
	GlobalSection(ProjectConfigurationPlatforms) = postSolution
		{F1D73720-82DE-4475-B603-F0489DE5899C}.Debug|Any CPU.ActiveCfg = Debug|Any CPU
		{F1D73720-82DE-4475-B603-F0489DE5899C}.Debug|Any CPU.Build.0 = Debug|Any CPU
		{F1D73720-82DE-4475-B603-F0489DE5899C}.Release|Any CPU.ActiveCfg = Release|Any CPU
		{F1D73720-82DE-4475-B603-F0489DE5899C}.Release|Any CPU.Build.0 = Release|Any CPU
		{F366A325-DCD1-4C77-9CEC-F75D32E388A2}.Debug|Any CPU.ActiveCfg = Debug|Any CPU
		{F366A325-DCD1-4C77-9CEC-F75D32E388A2}.Debug|Any CPU.Build.0 = Debug|Any CPU
		{F366A325-DCD1-4C77-9CEC-F75D32E388A2}.Release|Any CPU.ActiveCfg = Release|Any CPU
		{F366A325-DCD1-4C77-9CEC-F75D32E388A2}.Release|Any CPU.Build.0 = Release|Any CPU
		{3EA08678-BA60-44D3-8F7B-12A234FA9F24}.Debug|Any CPU.ActiveCfg = Debug|Any CPU
		{3EA08678-BA60-44D3-8F7B-12A234FA9F24}.Debug|Any CPU.Build.0 = Debug|Any CPU
		{3EA08678-BA60-44D3-8F7B-12A234FA9F24}.Release|Any CPU.ActiveCfg = Release|Any CPU
		{3EA08678-BA60-44D3-8F7B-12A234FA9F24}.Release|Any CPU.Build.0 = Release|Any CPU
		{BA7085F9-1159-47D9-80A9-D1E80FBDFBAA}.Debug|Any CPU.ActiveCfg = Debug|Any CPU
		{BA7085F9-1159-47D9-80A9-D1E80FBDFBAA}.Debug|Any CPU.Build.0 = Debug|Any CPU
		{BA7085F9-1159-47D9-80A9-D1E80FBDFBAA}.Release|Any CPU.ActiveCfg = Release|Any CPU
		{BA7085F9-1159-47D9-80A9-D1E80FBDFBAA}.Release|Any CPU.Build.0 = Release|Any CPU
	EndGlobalSection
	GlobalSection(SolutionProperties) = preSolution
		HideSolutionNode = FALSE
	EndGlobalSection
	GlobalSection(ExtensibilityGlobals) = postSolution
		SolutionGuid = {635F023B-60E4-41B1-9394-44B4AF609CDD}
	EndGlobalSection
EndGlobal
